// !$*UTF8*$!
{
	archiveVersion = 1;
	classes = {
	};
	objectVersion = 51;
	objects = {

/* Begin PBXBuildFile section */
		6E7BCFF0D51C10EB49D5096F /* Pods_hotmartTests.framework in Frameworks */ = {isa = PBXBuildFile; fileRef = AD4F952D7A7C1920F40607B6 /* Pods_hotmartTests.framework */; };
		6FAC044E574A302EAFD9C8AF /* Pods_hotmart.framework in Frameworks */ = {isa = PBXBuildFile; fileRef = 890E73ABDE3B806E9854800F /* Pods_hotmart.framework */; };
		C111D6012532031000F06BF2 /* MYVariables.swift in Sources */ = {isa = PBXBuildFile; fileRef = C111D6002532031000F06BF2 /* MYVariables.swift */; };
		C111D6062532042100F06BF2 /* Location.swift in Sources */ = {isa = PBXBuildFile; fileRef = C111D6052532042100F06BF2 /* Location.swift */; };
		C111D608253204C300F06BF2 /* Schedule.swift in Sources */ = {isa = PBXBuildFile; fileRef = C111D607253204C300F06BF2 /* Schedule.swift */; };
		C111D60A2532056400F06BF2 /* Schedules.swift in Sources */ = {isa = PBXBuildFile; fileRef = C111D6092532056400F06BF2 /* Schedules.swift */; };
		C111D60C2532065100F06BF2 /* LocationDetail.swift in Sources */ = {isa = PBXBuildFile; fileRef = C111D60B2532065100F06BF2 /* LocationDetail.swift */; };
		C111D60E2532085200F06BF2 /* LocationsService.swift in Sources */ = {isa = PBXBuildFile; fileRef = C111D60D2532085200F06BF2 /* LocationsService.swift */; };
		C111D612253218E700F06BF2 /* LocationViewController.swift in Sources */ = {isa = PBXBuildFile; fileRef = C111D611253218E700F06BF2 /* LocationViewController.swift */; };
		C16A6E312531FC660053CFCD /* AppDelegate.swift in Sources */ = {isa = PBXBuildFile; fileRef = C16A6E302531FC660053CFCD /* AppDelegate.swift */; };
		C16A6E332531FC660053CFCD /* SceneDelegate.swift in Sources */ = {isa = PBXBuildFile; fileRef = C16A6E322531FC660053CFCD /* SceneDelegate.swift */; };
		C16A6E382531FC660053CFCD /* Main.storyboard in Resources */ = {isa = PBXBuildFile; fileRef = C16A6E362531FC660053CFCD /* Main.storyboard */; };
		C16A6E3A2531FC670053CFCD /* Assets.xcassets in Resources */ = {isa = PBXBuildFile; fileRef = C16A6E392531FC670053CFCD /* Assets.xcassets */; };
		C16A6E3D2531FC670053CFCD /* LaunchScreen.storyboard in Resources */ = {isa = PBXBuildFile; fileRef = C16A6E3B2531FC670053CFCD /* LaunchScreen.storyboard */; };
		C16A6E482531FC670053CFCD /* hotmartTests.swift in Sources */ = {isa = PBXBuildFile; fileRef = C16A6E472531FC670053CFCD /* hotmartTests.swift */; };
		C1FA7CC9253202B7004D47DD /* LoadingOverlay.swift in Sources */ = {isa = PBXBuildFile; fileRef = C1FA7CC8253202B7004D47DD /* LoadingOverlay.swift */; };
		C1FECD9125322D6300336D25 /* LocationsViewCell.swift in Sources */ = {isa = PBXBuildFile; fileRef = C1FECD8F25322D6300336D25 /* LocationsViewCell.swift */; };
		C1FECD9225322D6300336D25 /* LocationsViewCell.xib in Resources */ = {isa = PBXBuildFile; fileRef = C1FECD9025322D6300336D25 /* LocationsViewCell.xib */; };
/* End PBXBuildFile section */

/* Begin PBXContainerItemProxy section */
		C16A6E442531FC670053CFCD /* PBXContainerItemProxy */ = {
			isa = PBXContainerItemProxy;
			containerPortal = C16A6E252531FC660053CFCD /* Project object */;
			proxyType = 1;
			remoteGlobalIDString = C16A6E2C2531FC660053CFCD;
			remoteInfo = hotmart;
		};
/* End PBXContainerItemProxy section */

/* Begin PBXFileReference section */
		80F8AB831B58125E0846221B /* Pods-hotmartTests.debug.xcconfig */ = {isa = PBXFileReference; includeInIndex = 1; lastKnownFileType = text.xcconfig; name = "Pods-hotmartTests.debug.xcconfig"; path = "Target Support Files/Pods-hotmartTests/Pods-hotmartTests.debug.xcconfig"; sourceTree = "<group>"; };
		87A0742C6B9F815F4B29576E /* Pods-hotmart.release.xcconfig */ = {isa = PBXFileReference; includeInIndex = 1; lastKnownFileType = text.xcconfig; name = "Pods-hotmart.release.xcconfig"; path = "Target Support Files/Pods-hotmart/Pods-hotmart.release.xcconfig"; sourceTree = "<group>"; };
		890E73ABDE3B806E9854800F /* Pods_hotmart.framework */ = {isa = PBXFileReference; explicitFileType = wrapper.framework; includeInIndex = 0; path = Pods_hotmart.framework; sourceTree = BUILT_PRODUCTS_DIR; };
		AD4F952D7A7C1920F40607B6 /* Pods_hotmartTests.framework */ = {isa = PBXFileReference; explicitFileType = wrapper.framework; includeInIndex = 0; path = Pods_hotmartTests.framework; sourceTree = BUILT_PRODUCTS_DIR; };
		C111D6002532031000F06BF2 /* MYVariables.swift */ = {isa = PBXFileReference; lastKnownFileType = sourcecode.swift; path = MYVariables.swift; sourceTree = "<group>"; };
		C111D6052532042100F06BF2 /* Location.swift */ = {isa = PBXFileReference; lastKnownFileType = sourcecode.swift; path = Location.swift; sourceTree = "<group>"; };
		C111D607253204C300F06BF2 /* Schedule.swift */ = {isa = PBXFileReference; lastKnownFileType = sourcecode.swift; path = Schedule.swift; sourceTree = "<group>"; };
		C111D6092532056400F06BF2 /* Schedules.swift */ = {isa = PBXFileReference; lastKnownFileType = sourcecode.swift; path = Schedules.swift; sourceTree = "<group>"; };
		C111D60B2532065100F06BF2 /* LocationDetail.swift */ = {isa = PBXFileReference; lastKnownFileType = sourcecode.swift; path = LocationDetail.swift; sourceTree = "<group>"; };
		C111D60D2532085200F06BF2 /* LocationsService.swift */ = {isa = PBXFileReference; lastKnownFileType = sourcecode.swift; path = LocationsService.swift; sourceTree = "<group>"; };
		C111D611253218E700F06BF2 /* LocationViewController.swift */ = {isa = PBXFileReference; fileEncoding = 4; lastKnownFileType = sourcecode.swift; path = LocationViewController.swift; sourceTree = "<group>"; };
		C16A6E2D2531FC660053CFCD /* hotmart.app */ = {isa = PBXFileReference; explicitFileType = wrapper.application; includeInIndex = 0; path = hotmart.app; sourceTree = BUILT_PRODUCTS_DIR; };
		C16A6E302531FC660053CFCD /* AppDelegate.swift */ = {isa = PBXFileReference; lastKnownFileType = sourcecode.swift; path = AppDelegate.swift; sourceTree = "<group>"; };
		C16A6E322531FC660053CFCD /* SceneDelegate.swift */ = {isa = PBXFileReference; lastKnownFileType = sourcecode.swift; path = SceneDelegate.swift; sourceTree = "<group>"; };
		C16A6E372531FC660053CFCD /* Base */ = {isa = PBXFileReference; lastKnownFileType = file.storyboard; name = Base; path = Base.lproj/Main.storyboard; sourceTree = "<group>"; };
		C16A6E392531FC670053CFCD /* Assets.xcassets */ = {isa = PBXFileReference; lastKnownFileType = folder.assetcatalog; path = Assets.xcassets; sourceTree = "<group>"; };
		C16A6E3C2531FC670053CFCD /* Base */ = {isa = PBXFileReference; lastKnownFileType = file.storyboard; name = Base; path = Base.lproj/LaunchScreen.storyboard; sourceTree = "<group>"; };
		C16A6E3E2531FC670053CFCD /* Info.plist */ = {isa = PBXFileReference; lastKnownFileType = text.plist.xml; path = Info.plist; sourceTree = "<group>"; };
		C16A6E432531FC670053CFCD /* hotmartTests.xctest */ = {isa = PBXFileReference; explicitFileType = wrapper.cfbundle; includeInIndex = 0; path = hotmartTests.xctest; sourceTree = BUILT_PRODUCTS_DIR; };
		C16A6E472531FC670053CFCD /* hotmartTests.swift */ = {isa = PBXFileReference; lastKnownFileType = sourcecode.swift; path = hotmartTests.swift; sourceTree = "<group>"; };
		C16A6E492531FC670053CFCD /* Info.plist */ = {isa = PBXFileReference; lastKnownFileType = text.plist.xml; path = Info.plist; sourceTree = "<group>"; };
		C1FA7CC8253202B7004D47DD /* LoadingOverlay.swift */ = {isa = PBXFileReference; lastKnownFileType = sourcecode.swift; path = LoadingOverlay.swift; sourceTree = "<group>"; };
		C1FECD8F25322D6300336D25 /* LocationsViewCell.swift */ = {isa = PBXFileReference; lastKnownFileType = sourcecode.swift; path = LocationsViewCell.swift; sourceTree = "<group>"; };
		C1FECD9025322D6300336D25 /* LocationsViewCell.xib */ = {isa = PBXFileReference; lastKnownFileType = file.xib; path = LocationsViewCell.xib; sourceTree = "<group>"; };
		D914751C189E1B6058206114 /* Pods-hotmartTests.release.xcconfig */ = {isa = PBXFileReference; includeInIndex = 1; lastKnownFileType = text.xcconfig; name = "Pods-hotmartTests.release.xcconfig"; path = "Target Support Files/Pods-hotmartTests/Pods-hotmartTests.release.xcconfig"; sourceTree = "<group>"; };
		F8559BCB20A83F23334C19C2 /* Pods-hotmart.debug.xcconfig */ = {isa = PBXFileReference; includeInIndex = 1; lastKnownFileType = text.xcconfig; name = "Pods-hotmart.debug.xcconfig"; path = "Target Support Files/Pods-hotmart/Pods-hotmart.debug.xcconfig"; sourceTree = "<group>"; };
/* End PBXFileReference section */

/* Begin PBXFrameworksBuildPhase section */
		C16A6E2A2531FC660053CFCD /* Frameworks */ = {
			isa = PBXFrameworksBuildPhase;
			buildActionMask = 2147483647;
			files = (
				6FAC044E574A302EAFD9C8AF /* Pods_hotmart.framework in Frameworks */,
			);
			runOnlyForDeploymentPostprocessing = 0;
		};
		C16A6E402531FC670053CFCD /* Frameworks */ = {
			isa = PBXFrameworksBuildPhase;
			buildActionMask = 2147483647;
			files = (
				6E7BCFF0D51C10EB49D5096F /* Pods_hotmartTests.framework in Frameworks */,
			);
			runOnlyForDeploymentPostprocessing = 0;
		};
/* End PBXFrameworksBuildPhase section */

/* Begin PBXGroup section */
		2DC4ADA74C2B9B29F422BB21 /* Pods */ = {
			isa = PBXGroup;
			children = (
				F8559BCB20A83F23334C19C2 /* Pods-hotmart.debug.xcconfig */,
				87A0742C6B9F815F4B29576E /* Pods-hotmart.release.xcconfig */,
				80F8AB831B58125E0846221B /* Pods-hotmartTests.debug.xcconfig */,
				D914751C189E1B6058206114 /* Pods-hotmartTests.release.xcconfig */,
			);
			path = Pods;
			sourceTree = "<group>";
		};
		5A21C1733694FAF2F814A500 /* Frameworks */ = {
			isa = PBXGroup;
			children = (
				890E73ABDE3B806E9854800F /* Pods_hotmart.framework */,
				AD4F952D7A7C1920F40607B6 /* Pods_hotmartTests.framework */,
			);
			name = Frameworks;
			sourceTree = "<group>";
		};
		C111D6022532032900F06BF2 /* Models */ = {
			isa = PBXGroup;
			children = (
				C111D6052532042100F06BF2 /* Location.swift */,
				C111D607253204C300F06BF2 /* Schedule.swift */,
				C111D6092532056400F06BF2 /* Schedules.swift */,
				C111D60B2532065100F06BF2 /* LocationDetail.swift */,
			);
			path = Models;
			sourceTree = "<group>";
		};
		C111D6032532033700F06BF2 /* Services */ = {
			isa = PBXGroup;
			children = (
				C111D60D2532085200F06BF2 /* LocationsService.swift */,
			);
			path = Services;
			sourceTree = "<group>";
		};
		C111D6042532034B00F06BF2 /* Views */ = {
			isa = PBXGroup;
			children = (
				C111D611253218E700F06BF2 /* LocationViewController.swift */,
				C16A6E362531FC660053CFCD /* Main.storyboard */,
				C1FECD8F25322D6300336D25 /* LocationsViewCell.swift */,
				C1FECD9025322D6300336D25 /* LocationsViewCell.xib */,
			);
			path = Views;
			sourceTree = "<group>";
		};
		C16A6E242531FC660053CFCD = {
			isa = PBXGroup;
			children = (
				C16A6E2F2531FC660053CFCD /* hotmart */,
				C16A6E462531FC670053CFCD /* hotmartTests */,
				C16A6E2E2531FC660053CFCD /* Products */,
				2DC4ADA74C2B9B29F422BB21 /* Pods */,
				5A21C1733694FAF2F814A500 /* Frameworks */,
			);
			sourceTree = "<group>";
		};
		C16A6E2E2531FC660053CFCD /* Products */ = {
			isa = PBXGroup;
			children = (
				C16A6E2D2531FC660053CFCD /* hotmart.app */,
				C16A6E432531FC670053CFCD /* hotmartTests.xctest */,
			);
			name = Products;
			sourceTree = "<group>";
		};
		C16A6E2F2531FC660053CFCD /* hotmart */ = {
			isa = PBXGroup;
			children = (
				C1FA7CC7253202A6004D47DD /* Util */,
				C111D6032532033700F06BF2 /* Services */,
				C111D6022532032900F06BF2 /* Models */,
				C111D6042532034B00F06BF2 /* Views */,
				C16A6E302531FC660053CFCD /* AppDelegate.swift */,
				C16A6E322531FC660053CFCD /* SceneDelegate.swift */,
				C16A6E392531FC670053CFCD /* Assets.xcassets */,
				C16A6E3B2531FC670053CFCD /* LaunchScreen.storyboard */,
				C16A6E3E2531FC670053CFCD /* Info.plist */,
			);
			path = hotmart;
			sourceTree = "<group>";
		};
		C16A6E462531FC670053CFCD /* hotmartTests */ = {
			isa = PBXGroup;
			children = (
				C16A6E472531FC670053CFCD /* hotmartTests.swift */,
				C16A6E492531FC670053CFCD /* Info.plist */,
			);
			path = hotmartTests;
			sourceTree = "<group>";
		};
		C1FA7CC7253202A6004D47DD /* Util */ = {
			isa = PBXGroup;
			children = (
				C1FA7CC8253202B7004D47DD /* LoadingOverlay.swift */,
				C111D6002532031000F06BF2 /* MYVariables.swift */,
			);
			path = Util;
			sourceTree = "<group>";
		};
/* End PBXGroup section */

/* Begin PBXNativeTarget section */
		C16A6E2C2531FC660053CFCD /* hotmart */ = {
			isa = PBXNativeTarget;
			buildConfigurationList = C16A6E4C2531FC670053CFCD /* Build configuration list for PBXNativeTarget "hotmart" */;
			buildPhases = (
				75A96861CE2F7C927FC866EF /* [CP] Check Pods Manifest.lock */,
				C16A6E292531FC660053CFCD /* Sources */,
				C16A6E2A2531FC660053CFCD /* Frameworks */,
				C16A6E2B2531FC660053CFCD /* Resources */,
				1EDD3658627C925E97B0847E /* [CP] Embed Pods Frameworks */,
			);
			buildRules = (
			);
			dependencies = (
			);
			name = hotmart;
			productName = hotmart;
			productReference = C16A6E2D2531FC660053CFCD /* hotmart.app */;
			productType = "com.apple.product-type.application";
		};
		C16A6E422531FC670053CFCD /* hotmartTests */ = {
			isa = PBXNativeTarget;
			buildConfigurationList = C16A6E4F2531FC670053CFCD /* Build configuration list for PBXNativeTarget "hotmartTests" */;
			buildPhases = (
				7C3A9C602123FED49B8027F1 /* [CP] Check Pods Manifest.lock */,
				C16A6E3F2531FC670053CFCD /* Sources */,
				C16A6E402531FC670053CFCD /* Frameworks */,
				C16A6E412531FC670053CFCD /* Resources */,
			);
			buildRules = (
			);
			dependencies = (
				C16A6E452531FC670053CFCD /* PBXTargetDependency */,
			);
			name = hotmartTests;
			productName = hotmartTests;
			productReference = C16A6E432531FC670053CFCD /* hotmartTests.xctest */;
			productType = "com.apple.product-type.bundle.unit-test";
		};
/* End PBXNativeTarget section */

/* Begin PBXProject section */
		C16A6E252531FC660053CFCD /* Project object */ = {
			isa = PBXProject;
			attributes = {
				LastSwiftUpdateCheck = 1140;
				LastUpgradeCheck = 1140;
				ORGANIZATIONNAME = "Wellysson Avelar";
				TargetAttributes = {
					C16A6E2C2531FC660053CFCD = {
						CreatedOnToolsVersion = 11.4.1;
					};
					C16A6E422531FC670053CFCD = {
						CreatedOnToolsVersion = 11.4.1;
						TestTargetID = C16A6E2C2531FC660053CFCD;
					};
				};
			};
			buildConfigurationList = C16A6E282531FC660053CFCD /* Build configuration list for PBXProject "hotmart" */;
			compatibilityVersion = "Xcode 9.3";
			developmentRegion = en;
			hasScannedForEncodings = 0;
			knownRegions = (
				en,
				Base,
			);
			mainGroup = C16A6E242531FC660053CFCD;
			productRefGroup = C16A6E2E2531FC660053CFCD /* Products */;
			projectDirPath = "";
			projectRoot = "";
			targets = (
				C16A6E2C2531FC660053CFCD /* hotmart */,
				C16A6E422531FC670053CFCD /* hotmartTests */,
			);
		};
/* End PBXProject section */

/* Begin PBXResourcesBuildPhase section */
		C16A6E2B2531FC660053CFCD /* Resources */ = {
			isa = PBXResourcesBuildPhase;
			buildActionMask = 2147483647;
			files = (
				C16A6E3D2531FC670053CFCD /* LaunchScreen.storyboard in Resources */,
				C1FECD9225322D6300336D25 /* LocationsViewCell.xib in Resources */,
				C16A6E3A2531FC670053CFCD /* Assets.xcassets in Resources */,
				C16A6E382531FC660053CFCD /* Main.storyboard in Resources */,
			);
			runOnlyForDeploymentPostprocessing = 0;
		};
		C16A6E412531FC670053CFCD /* Resources */ = {
			isa = PBXResourcesBuildPhase;
			buildActionMask = 2147483647;
			files = (
			);
			runOnlyForDeploymentPostprocessing = 0;
		};
/* End PBXResourcesBuildPhase section */

/* Begin PBXShellScriptBuildPhase section */
		1EDD3658627C925E97B0847E /* [CP] Embed Pods Frameworks */ = {
			isa = PBXShellScriptBuildPhase;
			buildActionMask = 2147483647;
			files = (
			);
			inputFileListPaths = (
				"${PODS_ROOT}/Target Support Files/Pods-hotmart/Pods-hotmart-frameworks-${CONFIGURATION}-input-files.xcfilelist",
			);
			name = "[CP] Embed Pods Frameworks";
			outputFileListPaths = (
				"${PODS_ROOT}/Target Support Files/Pods-hotmart/Pods-hotmart-frameworks-${CONFIGURATION}-output-files.xcfilelist",
			);
			runOnlyForDeploymentPostprocessing = 0;
			shellPath = /bin/sh;
			shellScript = "\"${PODS_ROOT}/Target Support Files/Pods-hotmart/Pods-hotmart-frameworks.sh\"\n";
			showEnvVarsInLog = 0;
		};
		75A96861CE2F7C927FC866EF /* [CP] Check Pods Manifest.lock */ = {
			isa = PBXShellScriptBuildPhase;
			buildActionMask = 2147483647;
			files = (
			);
			inputFileListPaths = (
			);
			inputPaths = (
				"${PODS_PODFILE_DIR_PATH}/Podfile.lock",
				"${PODS_ROOT}/Manifest.lock",
			);
			name = "[CP] Check Pods Manifest.lock";
			outputFileListPaths = (
			);
			outputPaths = (
				"$(DERIVED_FILE_DIR)/Pods-hotmart-checkManifestLockResult.txt",
			);
			runOnlyForDeploymentPostprocessing = 0;
			shellPath = /bin/sh;
			shellScript = "diff \"${PODS_PODFILE_DIR_PATH}/Podfile.lock\" \"${PODS_ROOT}/Manifest.lock\" > /dev/null\nif [ $? != 0 ] ; then\n    # print error to STDERR\n    echo \"error: The sandbox is not in sync with the Podfile.lock. Run 'pod install' or update your CocoaPods installation.\" >&2\n    exit 1\nfi\n# This output is used by Xcode 'outputs' to avoid re-running this script phase.\necho \"SUCCESS\" > \"${SCRIPT_OUTPUT_FILE_0}\"\n";
			showEnvVarsInLog = 0;
		};
		7C3A9C602123FED49B8027F1 /* [CP] Check Pods Manifest.lock */ = {
			isa = PBXShellScriptBuildPhase;
			buildActionMask = 2147483647;
			files = (
			);
			inputFileListPaths = (
			);
			inputPaths = (
				"${PODS_PODFILE_DIR_PATH}/Podfile.lock",
				"${PODS_ROOT}/Manifest.lock",
			);
			name = "[CP] Check Pods Manifest.lock";
			outputFileListPaths = (
			);
			outputPaths = (
				"$(DERIVED_FILE_DIR)/Pods-hotmartTests-checkManifestLockResult.txt",
			);
			runOnlyForDeploymentPostprocessing = 0;
			shellPath = /bin/sh;
			shellScript = "diff \"${PODS_PODFILE_DIR_PATH}/Podfile.lock\" \"${PODS_ROOT}/Manifest.lock\" > /dev/null\nif [ $? != 0 ] ; then\n    # print error to STDERR\n    echo \"error: The sandbox is not in sync with the Podfile.lock. Run 'pod install' or update your CocoaPods installation.\" >&2\n    exit 1\nfi\n# This output is used by Xcode 'outputs' to avoid re-running this script phase.\necho \"SUCCESS\" > \"${SCRIPT_OUTPUT_FILE_0}\"\n";
			showEnvVarsInLog = 0;
		};
/* End PBXShellScriptBuildPhase section */

/* Begin PBXSourcesBuildPhase section */
		C16A6E292531FC660053CFCD /* Sources */ = {
			isa = PBXSourcesBuildPhase;
			buildActionMask = 2147483647;
			files = (
				C111D60E2532085200F06BF2 /* LocationsService.swift in Sources */,
				C16A6E312531FC660053CFCD /* AppDelegate.swift in Sources */,
				C111D60A2532056400F06BF2 /* Schedules.swift in Sources */,
				C111D60C2532065100F06BF2 /* LocationDetail.swift in Sources */,
				C111D612253218E700F06BF2 /* LocationViewController.swift in Sources */,
				C16A6E332531FC660053CFCD /* SceneDelegate.swift in Sources */,
				C111D6012532031000F06BF2 /* MYVariables.swift in Sources */,
				C111D6062532042100F06BF2 /* Location.swift in Sources */,
				C1FECD9125322D6300336D25 /* LocationsViewCell.swift in Sources */,
				C111D608253204C300F06BF2 /* Schedule.swift in Sources */,
				C1FA7CC9253202B7004D47DD /* LoadingOverlay.swift in Sources */,
			);
			runOnlyForDeploymentPostprocessing = 0;
		};
		C16A6E3F2531FC670053CFCD /* Sources */ = {
			isa = PBXSourcesBuildPhase;
			buildActionMask = 2147483647;
			files = (
				C16A6E482531FC670053CFCD /* hotmartTests.swift in Sources */,
			);
			runOnlyForDeploymentPostprocessing = 0;
		};
/* End PBXSourcesBuildPhase section */

/* Begin PBXTargetDependency section */
		C16A6E452531FC670053CFCD /* PBXTargetDependency */ = {
			isa = PBXTargetDependency;
			target = C16A6E2C2531FC660053CFCD /* hotmart */;
			targetProxy = C16A6E442531FC670053CFCD /* PBXContainerItemProxy */;
		};
/* End PBXTargetDependency section */

/* Begin PBXVariantGroup section */
		C16A6E362531FC660053CFCD /* Main.storyboard */ = {
			isa = PBXVariantGroup;
			children = (
				C16A6E372531FC660053CFCD /* Base */,
			);
			name = Main.storyboard;
			sourceTree = "<group>";
		};
		C16A6E3B2531FC670053CFCD /* LaunchScreen.storyboard */ = {
			isa = PBXVariantGroup;
			children = (
				C16A6E3C2531FC670053CFCD /* Base */,
			);
			name = LaunchScreen.storyboard;
			sourceTree = "<group>";
		};
/* End PBXVariantGroup section */

/* Begin XCBuildConfiguration section */
		C16A6E4A2531FC670053CFCD /* Debug */ = {
			isa = XCBuildConfiguration;
			buildSettings = {
				ALWAYS_SEARCH_USER_PATHS = NO;
				CLANG_ANALYZER_NONNULL = YES;
				CLANG_ANALYZER_NUMBER_OBJECT_CONVERSION = YES_AGGRESSIVE;
				CLANG_CXX_LANGUAGE_STANDARD = "gnu++14";
				CLANG_CXX_LIBRARY = "libc++";
				CLANG_ENABLE_MODULES = YES;
				CLANG_ENABLE_OBJC_ARC = YES;
				CLANG_ENABLE_OBJC_WEAK = YES;
				CLANG_WARN_BLOCK_CAPTURE_AUTORELEASING = YES;
				CLANG_WARN_BOOL_CONVERSION = YES;
				CLANG_WARN_COMMA = YES;
				CLANG_WARN_CONSTANT_CONVERSION = YES;
				CLANG_WARN_DEPRECATED_OBJC_IMPLEMENTATIONS = YES;
				CLANG_WARN_DIRECT_OBJC_ISA_USAGE = YES_ERROR;
				CLANG_WARN_DOCUMENTATION_COMMENTS = YES;
				CLANG_WARN_EMPTY_BODY = YES;
				CLANG_WARN_ENUM_CONVERSION = YES;
				CLANG_WARN_INFINITE_RECURSION = YES;
				CLANG_WARN_INT_CONVERSION = YES;
				CLANG_WARN_NON_LITERAL_NULL_CONVERSION = YES;
				CLANG_WARN_OBJC_IMPLICIT_RETAIN_SELF = YES;
				CLANG_WARN_OBJC_LITERAL_CONVERSION = YES;
				CLANG_WARN_OBJC_ROOT_CLASS = YES_ERROR;
				CLANG_WARN_RANGE_LOOP_ANALYSIS = YES;
				CLANG_WARN_STRICT_PROTOTYPES = YES;
				CLANG_WARN_SUSPICIOUS_MOVE = YES;
				CLANG_WARN_UNGUARDED_AVAILABILITY = YES_AGGRESSIVE;
				CLANG_WARN_UNREACHABLE_CODE = YES;
				CLANG_WARN__DUPLICATE_METHOD_MATCH = YES;
				COPY_PHASE_STRIP = NO;
				DEBUG_INFORMATION_FORMAT = dwarf;
				ENABLE_STRICT_OBJC_MSGSEND = YES;
				ENABLE_TESTABILITY = YES;
				GCC_C_LANGUAGE_STANDARD = gnu11;
				GCC_DYNAMIC_NO_PIC = NO;
				GCC_NO_COMMON_BLOCKS = YES;
				GCC_OPTIMIZATION_LEVEL = 0;
				GCC_PREPROCESSOR_DEFINITIONS = (
					"DEBUG=1",
					"$(inherited)",
				);
				GCC_WARN_64_TO_32_BIT_CONVERSION = YES;
				GCC_WARN_ABOUT_RETURN_TYPE = YES_ERROR;
				GCC_WARN_UNDECLARED_SELECTOR = YES;
				GCC_WARN_UNINITIALIZED_AUTOS = YES_AGGRESSIVE;
				GCC_WARN_UNUSED_FUNCTION = YES;
				GCC_WARN_UNUSED_VARIABLE = YES;
				IPHONEOS_DEPLOYMENT_TARGET = 13.4;
				MTL_ENABLE_DEBUG_INFO = INCLUDE_SOURCE;
				MTL_FAST_MATH = YES;
				ONLY_ACTIVE_ARCH = YES;
				SDKROOT = iphoneos;
				SWIFT_ACTIVE_COMPILATION_CONDITIONS = DEBUG;
				SWIFT_OPTIMIZATION_LEVEL = "-Onone";
			};
			name = Debug;
		};
		C16A6E4B2531FC670053CFCD /* Release */ = {
			isa = XCBuildConfiguration;
			buildSettings = {
				ALWAYS_SEARCH_USER_PATHS = NO;
				CLANG_ANALYZER_NONNULL = YES;
				CLANG_ANALYZER_NUMBER_OBJECT_CONVERSION = YES_AGGRESSIVE;
				CLANG_CXX_LANGUAGE_STANDARD = "gnu++14";
				CLANG_CXX_LIBRARY = "libc++";
				CLANG_ENABLE_MODULES = YES;
				CLANG_ENABLE_OBJC_ARC = YES;
				CLANG_ENABLE_OBJC_WEAK = YES;
				CLANG_WARN_BLOCK_CAPTURE_AUTORELEASING = YES;
				CLANG_WARN_BOOL_CONVERSION = YES;
				CLANG_WARN_COMMA = YES;
				CLANG_WARN_CONSTANT_CONVERSION = YES;
				CLANG_WARN_DEPRECATED_OBJC_IMPLEMENTATIONS = YES;
				CLANG_WARN_DIRECT_OBJC_ISA_USAGE = YES_ERROR;
				CLANG_WARN_DOCUMENTATION_COMMENTS = YES;
				CLANG_WARN_EMPTY_BODY = YES;
				CLANG_WARN_ENUM_CONVERSION = YES;
				CLANG_WARN_INFINITE_RECURSION = YES;
				CLANG_WARN_INT_CONVERSION = YES;
				CLANG_WARN_NON_LITERAL_NULL_CONVERSION = YES;
				CLANG_WARN_OBJC_IMPLICIT_RETAIN_SELF = YES;
				CLANG_WARN_OBJC_LITERAL_CONVERSION = YES;
				CLANG_WARN_OBJC_ROOT_CLASS = YES_ERROR;
				CLANG_WARN_RANGE_LOOP_ANALYSIS = YES;
				CLANG_WARN_STRICT_PROTOTYPES = YES;
				CLANG_WARN_SUSPICIOUS_MOVE = YES;
				CLANG_WARN_UNGUARDED_AVAILABILITY = YES_AGGRESSIVE;
				CLANG_WARN_UNREACHABLE_CODE = YES;
				CLANG_WARN__DUPLICATE_METHOD_MATCH = YES;
				COPY_PHASE_STRIP = NO;
				DEBUG_INFORMATION_FORMAT = "dwarf-with-dsym";
				ENABLE_NS_ASSERTIONS = NO;
				ENABLE_STRICT_OBJC_MSGSEND = YES;
				GCC_C_LANGUAGE_STANDARD = gnu11;
				GCC_NO_COMMON_BLOCKS = YES;
				GCC_WARN_64_TO_32_BIT_CONVERSION = YES;
				GCC_WARN_ABOUT_RETURN_TYPE = YES_ERROR;
				GCC_WARN_UNDECLARED_SELECTOR = YES;
				GCC_WARN_UNINITIALIZED_AUTOS = YES_AGGRESSIVE;
				GCC_WARN_UNUSED_FUNCTION = YES;
				GCC_WARN_UNUSED_VARIABLE = YES;
				IPHONEOS_DEPLOYMENT_TARGET = 13.4;
				MTL_ENABLE_DEBUG_INFO = NO;
				MTL_FAST_MATH = YES;
				SDKROOT = iphoneos;
				SWIFT_COMPILATION_MODE = wholemodule;
				SWIFT_OPTIMIZATION_LEVEL = "-O";
				VALIDATE_PRODUCT = YES;
			};
			name = Release;
		};
		C16A6E4D2531FC670053CFCD /* Debug */ = {
			isa = XCBuildConfiguration;
			baseConfigurationReference = F8559BCB20A83F23334C19C2 /* Pods-hotmart.debug.xcconfig */;
			buildSettings = {
				ASSETCATALOG_COMPILER_APPICON_NAME = AppIcon;
				CODE_SIGN_STYLE = Automatic;
				DEVELOPMENT_TEAM = 3K3JEFTNCN;
				INFOPLIST_FILE = hotmart/Info.plist;
				LD_RUNPATH_SEARCH_PATHS = (
					"$(inherited)",
					"@executable_path/Frameworks",
				);
				PRODUCT_BUNDLE_IDENTIFIER = awt.hotmart;
				PRODUCT_NAME = "$(TARGET_NAME)";
				SWIFT_VERSION = 5.0;
				TARGETED_DEVICE_FAMILY = "1,2";
			};
			name = Debug;
		};
		C16A6E4E2531FC670053CFCD /* Release */ = {
			isa = XCBuildConfiguration;
			baseConfigurationReference = 87A0742C6B9F815F4B29576E /* Pods-hotmart.release.xcconfig */;
			buildSettings = {
				ASSETCATALOG_COMPILER_APPICON_NAME = AppIcon;
				CODE_SIGN_STYLE = Automatic;
				DEVELOPMENT_TEAM = 3K3JEFTNCN;
				INFOPLIST_FILE = hotmart/Info.plist;
				LD_RUNPATH_SEARCH_PATHS = (
					"$(inherited)",
					"@executable_path/Frameworks",
				);
				PRODUCT_BUNDLE_IDENTIFIER = awt.hotmart;
				PRODUCT_NAME = "$(TARGET_NAME)";
				SWIFT_VERSION = 5.0;
				TARGETED_DEVICE_FAMILY = "1,2";
			};
			name = Release;
		};
		C16A6E502531FC670053CFCD /* Debug */ = {
			isa = XCBuildConfiguration;
			baseConfigurationReference = 80F8AB831B58125E0846221B /* Pods-hotmartTests.debug.xcconfig */;
			buildSettings = {
				ALWAYS_EMBED_SWIFT_STANDARD_LIBRARIES = YES;
				BUNDLE_LOADER = "$(TEST_HOST)";
				CODE_SIGN_STYLE = Automatic;
				DEVELOPMENT_TEAM = 3K3JEFTNCN;
				INFOPLIST_FILE = hotmartTests/Info.plist;
				IPHONEOS_DEPLOYMENT_TARGET = 13.4;
				LD_RUNPATH_SEARCH_PATHS = (
					"$(inherited)",
					"@executable_path/Frameworks",
					"@loader_path/Frameworks",
				);
				PRODUCT_BUNDLE_IDENTIFIER = awt.hotmartTests;
				PRODUCT_NAME = "$(TARGET_NAME)";
				SWIFT_VERSION = 5.0;
				TARGETED_DEVICE_FAMILY = "1,2";
				TEST_HOST = "$(BUILT_PRODUCTS_DIR)/hotmart.app/hotmart";
			};
			name = Debug;
		};
		C16A6E512531FC670053CFCD /* Release */ = {
			isa = XCBuildConfiguration;
			baseConfigurationReference = D914751C189E1B6058206114 /* Pods-hotmartTests.release.xcconfig */;
			buildSettings = {
				ALWAYS_EMBED_SWIFT_STANDARD_LIBRARIES = YES;
				BUNDLE_LOADER = "$(TEST_HOST)";
				CODE_SIGN_STYLE = Automatic;
				DEVELOPMENT_TEAM = 3K3JEFTNCN;
				INFOPLIST_FILE = hotmartTests/Info.plist;
				IPHONEOS_DEPLOYMENT_TARGET = 13.4;
				LD_RUNPATH_SEARCH_PATHS = (
					"$(inherited)",
					"@executable_path/Frameworks",
					"@loader_path/Frameworks",
				);
				PRODUCT_BUNDLE_IDENTIFIER = awt.hotmartTests;
				PRODUCT_NAME = "$(TARGET_NAME)";
				SWIFT_VERSION = 5.0;
				TARGETED_DEVICE_FAMILY = "1,2";
				TEST_HOST = "$(BUILT_PRODUCTS_DIR)/hotmart.app/hotmart";
			};
			name = Release;
		};
/* End XCBuildConfiguration section */

/* Begin XCConfigurationList section */
		C16A6E282531FC660053CFCD /* Build configuration list for PBXProject "hotmart" */ = {
			isa = XCConfigurationList;
			buildConfigurations = (
				C16A6E4A2531FC670053CFCD /* Debug */,
				C16A6E4B2531FC670053CFCD /* Release */,
			);
			defaultConfigurationIsVisible = 0;
			defaultConfigurationName = Release;
		};
		C16A6E4C2531FC670053CFCD /* Build configuration list for PBXNativeTarget "hotmart" */ = {
			isa = XCConfigurationList;
			buildConfigurations = (
				C16A6E4D2531FC670053CFCD /* Debug */,
				C16A6E4E2531FC670053CFCD /* Release */,
			);
			defaultConfigurationIsVisible = 0;
			defaultConfigurationName = Release;
		};
		C16A6E4F2531FC670053CFCD /* Build configuration list for PBXNativeTarget "hotmartTests" */ = {
			isa = XCConfigurationList;
			buildConfigurations = (
				C16A6E502531FC670053CFCD /* Debug */,
				C16A6E512531FC670053CFCD /* Release */,
			);
			defaultConfigurationIsVisible = 0;
			defaultConfigurationName = Release;
		};
/* End XCConfigurationList section */
	};
	rootObject = C16A6E252531FC660053CFCD /* Project object */;
}
